// !$*UTF8*$!
{
	archiveVersion = 1;
	classes = {
	};
	objectVersion = 51;
	objects = {

/* Begin PBXBuildFile section */
		03B39F016E48874FFC899D90 /* libPods-JSLayoutSizeFitExample.a in Frameworks */ = {isa = PBXBuildFile; fileRef = 6F53F095B7E16A1098D4FF61 /* libPods-JSLayoutSizeFitExample.a */; };
		424B2A73D7358ADC656B8AAE /* libPods-JSLayoutSizeFitExampleMacOS.a in Frameworks */ = {isa = PBXBuildFile; fileRef = 141E365C629B8F04F3C31CBB /* libPods-JSLayoutSizeFitExampleMacOS.a */; };
		7AFACFDE2500F3B70065F9E7 /* AppDelegate.m in Sources */ = {isa = PBXBuildFile; fileRef = 7AFACFDD2500F3B70065F9E7 /* AppDelegate.m */; };
		7AFACFE42500F3B70065F9E7 /* ViewController.m in Sources */ = {isa = PBXBuildFile; fileRef = 7AFACFE32500F3B70065F9E7 /* ViewController.m */; };
		7AFACFE72500F3B70065F9E7 /* Main.storyboard in Resources */ = {isa = PBXBuildFile; fileRef = 7AFACFE52500F3B70065F9E7 /* Main.storyboard */; };
		7AFACFE92500F3B80065F9E7 /* Assets.xcassets in Resources */ = {isa = PBXBuildFile; fileRef = 7AFACFE82500F3B80065F9E7 /* Assets.xcassets */; };
		7AFACFEC2500F3B80065F9E7 /* LaunchScreen.storyboard in Resources */ = {isa = PBXBuildFile; fileRef = 7AFACFEA2500F3B80065F9E7 /* LaunchScreen.storyboard */; };
		7AFACFEF2500F3B80065F9E7 /* main.m in Sources */ = {isa = PBXBuildFile; fileRef = 7AFACFEE2500F3B80065F9E7 /* main.m */; };
		7AFACFF72500F4310065F9E7 /* ViewController.m in Sources */ = {isa = PBXBuildFile; fileRef = 7AFACFE32500F3B70065F9E7 /* ViewController.m */; };
		7AFACFF82500F4310065F9E7 /* AppDelegate.m in Sources */ = {isa = PBXBuildFile; fileRef = 7AFACFDD2500F3B70065F9E7 /* AppDelegate.m */; };
		7AFACFF92500F4310065F9E7 /* main.m in Sources */ = {isa = PBXBuildFile; fileRef = 7AFACFEE2500F3B80065F9E7 /* main.m */; };
		7AFACFFC2500F4310065F9E7 /* LaunchScreen.storyboard in Resources */ = {isa = PBXBuildFile; fileRef = 7AFACFEA2500F3B80065F9E7 /* LaunchScreen.storyboard */; };
		7AFACFFD2500F4310065F9E7 /* Assets.xcassets in Resources */ = {isa = PBXBuildFile; fileRef = 7AFACFE82500F3B80065F9E7 /* Assets.xcassets */; };
		7AFACFFE2500F4310065F9E7 /* Main.storyboard in Resources */ = {isa = PBXBuildFile; fileRef = 7AFACFE52500F3B70065F9E7 /* Main.storyboard */; };
		7AFAD0092500F4F40065F9E7 /* ITTestTableViewCell.m in Sources */ = {isa = PBXBuildFile; fileRef = 7AFAD0062500F4F30065F9E7 /* ITTestTableViewCell.m */; };
		7AFAD00A2500F4F40065F9E7 /* ITTestTableViewCell.m in Sources */ = {isa = PBXBuildFile; fileRef = 7AFAD0062500F4F30065F9E7 /* ITTestTableViewCell.m */; };
		7AFAD00B2500F4F40065F9E7 /* ITTestHeaderFooterView.m in Sources */ = {isa = PBXBuildFile; fileRef = 7AFAD0072500F4F30065F9E7 /* ITTestHeaderFooterView.m */; };
		7AFAD00C2500F4F40065F9E7 /* ITTestHeaderFooterView.m in Sources */ = {isa = PBXBuildFile; fileRef = 7AFAD0072500F4F30065F9E7 /* ITTestHeaderFooterView.m */; };
/* End PBXBuildFile section */

/* Begin PBXFileReference section */
		0EB805FB35A0CAE2D31C45CB /* Pods-JSLayoutSizeFitExampleMacOS.release.xcconfig */ = {isa = PBXFileReference; includeInIndex = 1; lastKnownFileType = text.xcconfig; name = "Pods-JSLayoutSizeFitExampleMacOS.release.xcconfig"; path = "Target Support Files/Pods-JSLayoutSizeFitExampleMacOS/Pods-JSLayoutSizeFitExampleMacOS.release.xcconfig"; sourceTree = "<group>"; };
		141E365C629B8F04F3C31CBB /* libPods-JSLayoutSizeFitExampleMacOS.a */ = {isa = PBXFileReference; explicitFileType = archive.ar; includeInIndex = 0; path = "libPods-JSLayoutSizeFitExampleMacOS.a"; sourceTree = BUILT_PRODUCTS_DIR; };
		2EC44CEAB95C704609B5FD73 /* Pods-JSLayoutSizeFitExample.release.xcconfig */ = {isa = PBXFileReference; includeInIndex = 1; lastKnownFileType = text.xcconfig; name = "Pods-JSLayoutSizeFitExample.release.xcconfig"; path = "Target Support Files/Pods-JSLayoutSizeFitExample/Pods-JSLayoutSizeFitExample.release.xcconfig"; sourceTree = "<group>"; };
		668076EAF43047220F6CA478 /* Pods-JSLayoutSizeFitExample.debug.xcconfig */ = {isa = PBXFileReference; includeInIndex = 1; lastKnownFileType = text.xcconfig; name = "Pods-JSLayoutSizeFitExample.debug.xcconfig"; path = "Target Support Files/Pods-JSLayoutSizeFitExample/Pods-JSLayoutSizeFitExample.debug.xcconfig"; sourceTree = "<group>"; };
		6F53F095B7E16A1098D4FF61 /* libPods-JSLayoutSizeFitExample.a */ = {isa = PBXFileReference; explicitFileType = archive.ar; includeInIndex = 0; path = "libPods-JSLayoutSizeFitExample.a"; sourceTree = BUILT_PRODUCTS_DIR; };
		7AFACFD92500F3B70065F9E7 /* JSLayoutSizeFitExample.app */ = {isa = PBXFileReference; explicitFileType = wrapper.application; includeInIndex = 0; path = JSLayoutSizeFitExample.app; sourceTree = BUILT_PRODUCTS_DIR; };
		7AFACFDC2500F3B70065F9E7 /* AppDelegate.h */ = {isa = PBXFileReference; lastKnownFileType = sourcecode.c.h; path = AppDelegate.h; sourceTree = "<group>"; };
		7AFACFDD2500F3B70065F9E7 /* AppDelegate.m */ = {isa = PBXFileReference; lastKnownFileType = sourcecode.c.objc; path = AppDelegate.m; sourceTree = "<group>"; };
		7AFACFE22500F3B70065F9E7 /* ViewController.h */ = {isa = PBXFileReference; lastKnownFileType = sourcecode.c.h; path = ViewController.h; sourceTree = "<group>"; };
		7AFACFE32500F3B70065F9E7 /* ViewController.m */ = {isa = PBXFileReference; lastKnownFileType = sourcecode.c.objc; path = ViewController.m; sourceTree = "<group>"; };
		7AFACFE62500F3B70065F9E7 /* Base */ = {isa = PBXFileReference; lastKnownFileType = file.storyboard; name = Base; path = Base.lproj/Main.storyboard; sourceTree = "<group>"; };
		7AFACFE82500F3B80065F9E7 /* Assets.xcassets */ = {isa = PBXFileReference; lastKnownFileType = folder.assetcatalog; path = Assets.xcassets; sourceTree = "<group>"; };
		7AFACFEB2500F3B80065F9E7 /* Base */ = {isa = PBXFileReference; lastKnownFileType = file.storyboard; name = Base; path = Base.lproj/LaunchScreen.storyboard; sourceTree = "<group>"; };
		7AFACFED2500F3B80065F9E7 /* Info.plist */ = {isa = PBXFileReference; lastKnownFileType = text.plist.xml; path = Info.plist; sourceTree = "<group>"; };
		7AFACFEE2500F3B80065F9E7 /* main.m */ = {isa = PBXFileReference; lastKnownFileType = sourcecode.c.objc; path = main.m; sourceTree = "<group>"; };
		7AFAD0022500F4310065F9E7 /* JSLayoutSizeFitExampleMacOS.app */ = {isa = PBXFileReference; explicitFileType = wrapper.application; includeInIndex = 0; path = JSLayoutSizeFitExampleMacOS.app; sourceTree = BUILT_PRODUCTS_DIR; };
		7AFAD0032500F4310065F9E7 /* JSLayoutSizeFitExample copy-Info.plist */ = {isa = PBXFileReference; lastKnownFileType = text.plist.xml; name = "JSLayoutSizeFitExample copy-Info.plist"; path = "/Volumes/2TB/Projects/JSLayoutSizeFit/Example/JSLayoutSizeFitExample copy-Info.plist"; sourceTree = "<absolute>"; };
		7AFAD0042500F4400065F9E7 /* JSLayoutSizeFitExampleMacOS.entitlements */ = {isa = PBXFileReference; lastKnownFileType = text.plist.entitlements; path = JSLayoutSizeFitExampleMacOS.entitlements; sourceTree = "<group>"; };
		7AFAD0052500F4F30065F9E7 /* ITTestTableViewCell.h */ = {isa = PBXFileReference; fileEncoding = 4; lastKnownFileType = sourcecode.c.h; name = ITTestTableViewCell.h; path = ../ITTestTableViewCell.h; sourceTree = "<group>"; };
		7AFAD0062500F4F30065F9E7 /* ITTestTableViewCell.m */ = {isa = PBXFileReference; fileEncoding = 4; lastKnownFileType = sourcecode.c.objc; name = ITTestTableViewCell.m; path = ../ITTestTableViewCell.m; sourceTree = "<group>"; };
		7AFAD0072500F4F30065F9E7 /* ITTestHeaderFooterView.m */ = {isa = PBXFileReference; fileEncoding = 4; lastKnownFileType = sourcecode.c.objc; name = ITTestHeaderFooterView.m; path = ../ITTestHeaderFooterView.m; sourceTree = "<group>"; };
		7AFAD0082500F4F40065F9E7 /* ITTestHeaderFooterView.h */ = {isa = PBXFileReference; fileEncoding = 4; lastKnownFileType = sourcecode.c.h; name = ITTestHeaderFooterView.h; path = ../ITTestHeaderFooterView.h; sourceTree = "<group>"; };
		E91E6ACBB1FB10F4B8B46CC3 /* Pods-JSLayoutSizeFitExampleMacOS.debug.xcconfig */ = {isa = PBXFileReference; includeInIndex = 1; lastKnownFileType = text.xcconfig; name = "Pods-JSLayoutSizeFitExampleMacOS.debug.xcconfig"; path = "Target Support Files/Pods-JSLayoutSizeFitExampleMacOS/Pods-JSLayoutSizeFitExampleMacOS.debug.xcconfig"; sourceTree = "<group>"; };
/* End PBXFileReference section */

/* Begin PBXFrameworksBuildPhase section */
		7AFACFD62500F3B70065F9E7 /* Frameworks */ = {
			isa = PBXFrameworksBuildPhase;
			buildActionMask = 2147483647;
			files = (
				03B39F016E48874FFC899D90 /* libPods-JSLayoutSizeFitExample.a in Frameworks */,
			);
			runOnlyForDeploymentPostprocessing = 0;
		};
		7AFACFFA2500F4310065F9E7 /* Frameworks */ = {
			isa = PBXFrameworksBuildPhase;
			buildActionMask = 2147483647;
			files = (
				424B2A73D7358ADC656B8AAE /* libPods-JSLayoutSizeFitExampleMacOS.a in Frameworks */,
			);
			runOnlyForDeploymentPostprocessing = 0;
		};
/* End PBXFrameworksBuildPhase section */

/* Begin PBXGroup section */
		50CA4471235B1CAB0A8FA788 /* Pods */ = {
			isa = PBXGroup;
			children = (
				668076EAF43047220F6CA478 /* Pods-JSLayoutSizeFitExample.debug.xcconfig */,
				2EC44CEAB95C704609B5FD73 /* Pods-JSLayoutSizeFitExample.release.xcconfig */,
				E91E6ACBB1FB10F4B8B46CC3 /* Pods-JSLayoutSizeFitExampleMacOS.debug.xcconfig */,
				0EB805FB35A0CAE2D31C45CB /* Pods-JSLayoutSizeFitExampleMacOS.release.xcconfig */,
			);
			path = Pods;
			sourceTree = "<group>";
		};
		67E67D7FB22F99F8601BB814 /* Frameworks */ = {
			isa = PBXGroup;
			children = (
				6F53F095B7E16A1098D4FF61 /* libPods-JSLayoutSizeFitExample.a */,
				141E365C629B8F04F3C31CBB /* libPods-JSLayoutSizeFitExampleMacOS.a */,
			);
			name = Frameworks;
			sourceTree = "<group>";
		};
		7AFACFD02500F3B70065F9E7 = {
			isa = PBXGroup;
			children = (
				7AFAD0042500F4400065F9E7 /* JSLayoutSizeFitExampleMacOS.entitlements */,
				7AFACFDB2500F3B70065F9E7 /* JSLayoutSizeFitExample */,
				7AFACFDA2500F3B70065F9E7 /* Products */,
				7AFAD0032500F4310065F9E7 /* JSLayoutSizeFitExample copy-Info.plist */,
				50CA4471235B1CAB0A8FA788 /* Pods */,
				67E67D7FB22F99F8601BB814 /* Frameworks */,
			);
			sourceTree = "<group>";
		};
		7AFACFDA2500F3B70065F9E7 /* Products */ = {
			isa = PBXGroup;
			children = (
				7AFACFD92500F3B70065F9E7 /* JSLayoutSizeFitExample.app */,
				7AFAD0022500F4310065F9E7 /* JSLayoutSizeFitExampleMacOS.app */,
			);
			name = Products;
			sourceTree = "<group>";
		};
		7AFACFDB2500F3B70065F9E7 /* JSLayoutSizeFitExample */ = {
			isa = PBXGroup;
			children = (
				7AFACFDC2500F3B70065F9E7 /* AppDelegate.h */,
				7AFACFDD2500F3B70065F9E7 /* AppDelegate.m */,
				7AFACFE22500F3B70065F9E7 /* ViewController.h */,
				7AFACFE32500F3B70065F9E7 /* ViewController.m */,
				7AFAD00D2500F4F70065F9E7 /* View */,
				7AFACFE52500F3B70065F9E7 /* Main.storyboard */,
				7AFACFE82500F3B80065F9E7 /* Assets.xcassets */,
				7AFACFEA2500F3B80065F9E7 /* LaunchScreen.storyboard */,
				7AFACFED2500F3B80065F9E7 /* Info.plist */,
				7AFACFEE2500F3B80065F9E7 /* main.m */,
			);
			path = JSLayoutSizeFitExample;
			sourceTree = "<group>";
		};
		7AFAD00D2500F4F70065F9E7 /* View */ = {
			isa = PBXGroup;
			children = (
				7AFAD0052500F4F30065F9E7 /* ITTestTableViewCell.h */,
				7AFAD0062500F4F30065F9E7 /* ITTestTableViewCell.m */,
				7AFAD0082500F4F40065F9E7 /* ITTestHeaderFooterView.h */,
				7AFAD0072500F4F30065F9E7 /* ITTestHeaderFooterView.m */,
			);
			path = View;
			sourceTree = "<group>";
		};
/* End PBXGroup section */

/* Begin PBXNativeTarget section */
		7AFACFD82500F3B70065F9E7 /* JSLayoutSizeFitExample */ = {
			isa = PBXNativeTarget;
			buildConfigurationList = 7AFACFF22500F3B80065F9E7 /* Build configuration list for PBXNativeTarget "JSLayoutSizeFitExample" */;
			buildPhases = (
				1625B3293FAA7FE0385C89F9 /* [CP] Check Pods Manifest.lock */,
				7AFACFD52500F3B70065F9E7 /* Sources */,
				7AFACFD62500F3B70065F9E7 /* Frameworks */,
				7AFACFD72500F3B70065F9E7 /* Resources */,
				71DA335A7235DEF1150BF376 /* [CP] Embed Pods Frameworks */,
				BEABF39401B0F3D97F586641 /* [CP] Copy Pods Resources */,
			);
			buildRules = (
			);
			dependencies = (
			);
			name = JSLayoutSizeFitExample;
			productName = JSLayoutSizeFitExample;
			productReference = 7AFACFD92500F3B70065F9E7 /* JSLayoutSizeFitExample.app */;
			productType = "com.apple.product-type.application";
		};
		7AFACFF52500F4310065F9E7 /* JSLayoutSizeFitExampleMacOS */ = {
			isa = PBXNativeTarget;
			buildConfigurationList = 7AFACFFF2500F4310065F9E7 /* Build configuration list for PBXNativeTarget "JSLayoutSizeFitExampleMacOS" */;
			buildPhases = (
				7591F880563E189A61363956 /* [CP] Check Pods Manifest.lock */,
				7AFACFF62500F4310065F9E7 /* Sources */,
				7AFACFFA2500F4310065F9E7 /* Frameworks */,
				7AFACFFB2500F4310065F9E7 /* Resources */,
				B4CF829537779501C0C3A5F6 /* [CP] Copy Pods Resources */,
			);
			buildRules = (
			);
			dependencies = (
			);
			name = JSLayoutSizeFitExampleMacOS;
			productName = JSLayoutSizeFitExample;
			productReference = 7AFAD0022500F4310065F9E7 /* JSLayoutSizeFitExampleMacOS.app */;
			productType = "com.apple.product-type.application";
		};
/* End PBXNativeTarget section */

/* Begin PBXProject section */
		7AFACFD12500F3B70065F9E7 /* Project object */ = {
			isa = PBXProject;
			attributes = {
				LastUpgradeCheck = 1140;
				ORGANIZATIONNAME = jiasong;
				TargetAttributes = {
					7AFACFD82500F3B70065F9E7 = {
						CreatedOnToolsVersion = 11.4.1;
					};
				};
			};
			buildConfigurationList = 7AFACFD42500F3B70065F9E7 /* Build configuration list for PBXProject "JSLayoutSizeFitExample" */;
			compatibilityVersion = "Xcode 9.3";
			developmentRegion = en;
			hasScannedForEncodings = 0;
			knownRegions = (
				en,
				Base,
			);
			mainGroup = 7AFACFD02500F3B70065F9E7;
			productRefGroup = 7AFACFDA2500F3B70065F9E7 /* Products */;
			projectDirPath = "";
			projectRoot = "";
			targets = (
				7AFACFD82500F3B70065F9E7 /* JSLayoutSizeFitExample */,
				7AFACFF52500F4310065F9E7 /* JSLayoutSizeFitExampleMacOS */,
			);
		};
/* End PBXProject section */

/* Begin PBXResourcesBuildPhase section */
		7AFACFD72500F3B70065F9E7 /* Resources */ = {
			isa = PBXResourcesBuildPhase;
			buildActionMask = 2147483647;
			files = (
				7AFACFEC2500F3B80065F9E7 /* LaunchScreen.storyboard in Resources */,
				7AFACFE92500F3B80065F9E7 /* Assets.xcassets in Resources */,
				7AFACFE72500F3B70065F9E7 /* Main.storyboard in Resources */,
			);
			runOnlyForDeploymentPostprocessing = 0;
		};
		7AFACFFB2500F4310065F9E7 /* Resources */ = {
			isa = PBXResourcesBuildPhase;
			buildActionMask = 2147483647;
			files = (
				7AFACFFC2500F4310065F9E7 /* LaunchScreen.storyboard in Resources */,
				7AFACFFD2500F4310065F9E7 /* Assets.xcassets in Resources */,
				7AFACFFE2500F4310065F9E7 /* Main.storyboard in Resources */,
			);
			runOnlyForDeploymentPostprocessing = 0;
		};
/* End PBXResourcesBuildPhase section */

/* Begin PBXShellScriptBuildPhase section */
		1625B3293FAA7FE0385C89F9 /* [CP] Check Pods Manifest.lock */ = {
			isa = PBXShellScriptBuildPhase;
			buildActionMask = 2147483647;
			files = (
			);
			inputFileListPaths = (
			);
			inputPaths = (
				"${PODS_PODFILE_DIR_PATH}/Podfile.lock",
				"${PODS_ROOT}/Manifest.lock",
			);
			name = "[CP] Check Pods Manifest.lock";
			outputFileListPaths = (
			);
			outputPaths = (
				"$(DERIVED_FILE_DIR)/Pods-JSLayoutSizeFitExample-checkManifestLockResult.txt",
			);
			runOnlyForDeploymentPostprocessing = 0;
			shellPath = /bin/sh;
			shellScript = "diff \"${PODS_PODFILE_DIR_PATH}/Podfile.lock\" \"${PODS_ROOT}/Manifest.lock\" > /dev/null\nif [ $? != 0 ] ; then\n    # print error to STDERR\n    echo \"error: The sandbox is not in sync with the Podfile.lock. Run 'pod install' or update your CocoaPods installation.\" >&2\n    exit 1\nfi\n# This output is used by Xcode 'outputs' to avoid re-running this script phase.\necho \"SUCCESS\" > \"${SCRIPT_OUTPUT_FILE_0}\"\n";
			showEnvVarsInLog = 0;
		};
		71DA335A7235DEF1150BF376 /* [CP] Embed Pods Frameworks */ = {
			isa = PBXShellScriptBuildPhase;
			buildActionMask = 2147483647;
			files = (
			);
			inputFileListPaths = (
				"${PODS_ROOT}/Target Support Files/Pods-JSLayoutSizeFitExample/Pods-JSLayoutSizeFitExample-frameworks-${CONFIGURATION}-input-files.xcfilelist",
			);
			name = "[CP] Embed Pods Frameworks";
			outputFileListPaths = (
				"${PODS_ROOT}/Target Support Files/Pods-JSLayoutSizeFitExample/Pods-JSLayoutSizeFitExample-frameworks-${CONFIGURATION}-output-files.xcfilelist",
			);
			runOnlyForDeploymentPostprocessing = 0;
			shellPath = /bin/sh;
			shellScript = "\"${PODS_ROOT}/Target Support Files/Pods-JSLayoutSizeFitExample/Pods-JSLayoutSizeFitExample-frameworks.sh\"\n";
			showEnvVarsInLog = 0;
		};
		7591F880563E189A61363956 /* [CP] Check Pods Manifest.lock */ = {
			isa = PBXShellScriptBuildPhase;
			buildActionMask = 2147483647;
			files = (
			);
			inputFileListPaths = (
			);
			inputPaths = (
				"${PODS_PODFILE_DIR_PATH}/Podfile.lock",
				"${PODS_ROOT}/Manifest.lock",
			);
			name = "[CP] Check Pods Manifest.lock";
			outputFileListPaths = (
			);
			outputPaths = (
				"$(DERIVED_FILE_DIR)/Pods-JSLayoutSizeFitExampleMacOS-checkManifestLockResult.txt",
			);
			runOnlyForDeploymentPostprocessing = 0;
			shellPath = /bin/sh;
			shellScript = "diff \"${PODS_PODFILE_DIR_PATH}/Podfile.lock\" \"${PODS_ROOT}/Manifest.lock\" > /dev/null\nif [ $? != 0 ] ; then\n    # print error to STDERR\n    echo \"error: The sandbox is not in sync with the Podfile.lock. Run 'pod install' or update your CocoaPods installation.\" >&2\n    exit 1\nfi\n# This output is used by Xcode 'outputs' to avoid re-running this script phase.\necho \"SUCCESS\" > \"${SCRIPT_OUTPUT_FILE_0}\"\n";
			showEnvVarsInLog = 0;
		};
		B4CF829537779501C0C3A5F6 /* [CP] Copy Pods Resources */ = {
			isa = PBXShellScriptBuildPhase;
			buildActionMask = 2147483647;
			files = (
			);
			inputFileListPaths = (
				"${PODS_ROOT}/Target Support Files/Pods-JSLayoutSizeFitExampleMacOS/Pods-JSLayoutSizeFitExampleMacOS-resources-${CONFIGURATION}-input-files.xcfilelist",
			);
			name = "[CP] Copy Pods Resources";
			outputFileListPaths = (
				"${PODS_ROOT}/Target Support Files/Pods-JSLayoutSizeFitExampleMacOS/Pods-JSLayoutSizeFitExampleMacOS-resources-${CONFIGURATION}-output-files.xcfilelist",
			);
			runOnlyForDeploymentPostprocessing = 0;
			shellPath = /bin/sh;
			shellScript = "\"${PODS_ROOT}/Target Support Files/Pods-JSLayoutSizeFitExampleMacOS/Pods-JSLayoutSizeFitExampleMacOS-resources.sh\"\n";
			showEnvVarsInLog = 0;
		};
		BEABF39401B0F3D97F586641 /* [CP] Copy Pods Resources */ = {
			isa = PBXShellScriptBuildPhase;
			buildActionMask = 2147483647;
			files = (
			);
			inputFileListPaths = (
				"${PODS_ROOT}/Target Support Files/Pods-JSLayoutSizeFitExample/Pods-JSLayoutSizeFitExample-resources-${CONFIGURATION}-input-files.xcfilelist",
			);
			name = "[CP] Copy Pods Resources";
			outputFileListPaths = (
				"${PODS_ROOT}/Target Support Files/Pods-JSLayoutSizeFitExample/Pods-JSLayoutSizeFitExample-resources-${CONFIGURATION}-output-files.xcfilelist",
			);
			runOnlyForDeploymentPostprocessing = 0;
			shellPath = /bin/sh;
			shellScript = "\"${PODS_ROOT}/Target Support Files/Pods-JSLayoutSizeFitExample/Pods-JSLayoutSizeFitExample-resources.sh\"\n";
			showEnvVarsInLog = 0;
		};
/* End PBXShellScriptBuildPhase section */

/* Begin PBXSourcesBuildPhase section */
		7AFACFD52500F3B70065F9E7 /* Sources */ = {
			isa = PBXSourcesBuildPhase;
			buildActionMask = 2147483647;
			files = (
				7AFACFE42500F3B70065F9E7 /* ViewController.m in Sources */,
				7AFACFDE2500F3B70065F9E7 /* AppDelegate.m in Sources */,
				7AFAD00B2500F4F40065F9E7 /* ITTestHeaderFooterView.m in Sources */,
				7AFACFEF2500F3B80065F9E7 /* main.m in Sources */,
				7AFAD0092500F4F40065F9E7 /* ITTestTableViewCell.m in Sources */,
			);
			runOnlyForDeploymentPostprocessing = 0;
		};
		7AFACFF62500F4310065F9E7 /* Sources */ = {
			isa = PBXSourcesBuildPhase;
			buildActionMask = 2147483647;
			files = (
				7AFACFF72500F4310065F9E7 /* ViewController.m in Sources */,
				7AFACFF82500F4310065F9E7 /* AppDelegate.m in Sources */,
				7AFAD00C2500F4F40065F9E7 /* ITTestHeaderFooterView.m in Sources */,
				7AFACFF92500F4310065F9E7 /* main.m in Sources */,
				7AFAD00A2500F4F40065F9E7 /* ITTestTableViewCell.m in Sources */,
			);
			runOnlyForDeploymentPostprocessing = 0;
		};
/* End PBXSourcesBuildPhase section */

/* Begin PBXVariantGroup section */
		7AFACFE52500F3B70065F9E7 /* Main.storyboard */ = {
			isa = PBXVariantGroup;
			children = (
				7AFACFE62500F3B70065F9E7 /* Base */,
			);
			name = Main.storyboard;
			sourceTree = "<group>";
		};
		7AFACFEA2500F3B80065F9E7 /* LaunchScreen.storyboard */ = {
			isa = PBXVariantGroup;
			children = (
				7AFACFEB2500F3B80065F9E7 /* Base */,
			);
			name = LaunchScreen.storyboard;
			sourceTree = "<group>";
		};
/* End PBXVariantGroup section */

/* Begin XCBuildConfiguration section */
		7AFACFF02500F3B80065F9E7 /* Debug */ = {
			isa = XCBuildConfiguration;
			buildSettings = {
				ALWAYS_SEARCH_USER_PATHS = NO;
				CLANG_ANALYZER_NONNULL = YES;
				CLANG_ANALYZER_NUMBER_OBJECT_CONVERSION = YES_AGGRESSIVE;
				CLANG_CXX_LANGUAGE_STANDARD = "gnu++14";
				CLANG_CXX_LIBRARY = "libc++";
				CLANG_ENABLE_MODULES = YES;
				CLANG_ENABLE_OBJC_ARC = YES;
				CLANG_ENABLE_OBJC_WEAK = YES;
				CLANG_WARN_BLOCK_CAPTURE_AUTORELEASING = YES;
				CLANG_WARN_BOOL_CONVERSION = YES;
				CLANG_WARN_COMMA = YES;
				CLANG_WARN_CONSTANT_CONVERSION = YES;
				CLANG_WARN_DEPRECATED_OBJC_IMPLEMENTATIONS = YES;
				CLANG_WARN_DIRECT_OBJC_ISA_USAGE = YES_ERROR;
				CLANG_WARN_DOCUMENTATION_COMMENTS = YES;
				CLANG_WARN_EMPTY_BODY = YES;
				CLANG_WARN_ENUM_CONVERSION = YES;
				CLANG_WARN_INFINITE_RECURSION = YES;
				CLANG_WARN_INT_CONVERSION = YES;
				CLANG_WARN_NON_LITERAL_NULL_CONVERSION = YES;
				CLANG_WARN_OBJC_IMPLICIT_RETAIN_SELF = YES;
				CLANG_WARN_OBJC_LITERAL_CONVERSION = YES;
				CLANG_WARN_OBJC_ROOT_CLASS = YES_ERROR;
				CLANG_WARN_RANGE_LOOP_ANALYSIS = YES;
				CLANG_WARN_STRICT_PROTOTYPES = YES;
				CLANG_WARN_SUSPICIOUS_MOVE = YES;
				CLANG_WARN_UNGUARDED_AVAILABILITY = YES_AGGRESSIVE;
				CLANG_WARN_UNREACHABLE_CODE = YES;
				CLANG_WARN__DUPLICATE_METHOD_MATCH = YES;
				COPY_PHASE_STRIP = NO;
				DEBUG_INFORMATION_FORMAT = dwarf;
				ENABLE_STRICT_OBJC_MSGSEND = YES;
				ENABLE_TESTABILITY = YES;
				GCC_C_LANGUAGE_STANDARD = gnu11;
				GCC_DYNAMIC_NO_PIC = NO;
				GCC_NO_COMMON_BLOCKS = YES;
				GCC_OPTIMIZATION_LEVEL = 0;
				GCC_PREPROCESSOR_DEFINITIONS = (
					"DEBUG=1",
					"$(inherited)",
				);
				GCC_WARN_64_TO_32_BIT_CONVERSION = YES;
				GCC_WARN_ABOUT_RETURN_TYPE = YES_ERROR;
				GCC_WARN_UNDECLARED_SELECTOR = YES;
				GCC_WARN_UNINITIALIZED_AUTOS = YES_AGGRESSIVE;
				GCC_WARN_UNUSED_FUNCTION = YES;
				GCC_WARN_UNUSED_VARIABLE = YES;
				IPHONEOS_DEPLOYMENT_TARGET = 13.4;
				MTL_ENABLE_DEBUG_INFO = INCLUDE_SOURCE;
				MTL_FAST_MATH = YES;
				ONLY_ACTIVE_ARCH = YES;
				SDKROOT = iphoneos;
			};
			name = Debug;
		};
		7AFACFF12500F3B80065F9E7 /* Release */ = {
			isa = XCBuildConfiguration;
			buildSettings = {
				ALWAYS_SEARCH_USER_PATHS = NO;
				CLANG_ANALYZER_NONNULL = YES;
				CLANG_ANALYZER_NUMBER_OBJECT_CONVERSION = YES_AGGRESSIVE;
				CLANG_CXX_LANGUAGE_STANDARD = "gnu++14";
				CLANG_CXX_LIBRARY = "libc++";
				CLANG_ENABLE_MODULES = YES;
				CLANG_ENABLE_OBJC_ARC = YES;
				CLANG_ENABLE_OBJC_WEAK = YES;
				CLANG_WARN_BLOCK_CAPTURE_AUTORELEASING = YES;
				CLANG_WARN_BOOL_CONVERSION = YES;
				CLANG_WARN_COMMA = YES;
				CLANG_WARN_CONSTANT_CONVERSION = YES;
				CLANG_WARN_DEPRECATED_OBJC_IMPLEMENTATIONS = YES;
				CLANG_WARN_DIRECT_OBJC_ISA_USAGE = YES_ERROR;
				CLANG_WARN_DOCUMENTATION_COMMENTS = YES;
				CLANG_WARN_EMPTY_BODY = YES;
				CLANG_WARN_ENUM_CONVERSION = YES;
				CLANG_WARN_INFINITE_RECURSION = YES;
				CLANG_WARN_INT_CONVERSION = YES;
				CLANG_WARN_NON_LITERAL_NULL_CONVERSION = YES;
				CLANG_WARN_OBJC_IMPLICIT_RETAIN_SELF = YES;
				CLANG_WARN_OBJC_LITERAL_CONVERSION = YES;
				CLANG_WARN_OBJC_ROOT_CLASS = YES_ERROR;
				CLANG_WARN_RANGE_LOOP_ANALYSIS = YES;
				CLANG_WARN_STRICT_PROTOTYPES = YES;
				CLANG_WARN_SUSPICIOUS_MOVE = YES;
				CLANG_WARN_UNGUARDED_AVAILABILITY = YES_AGGRESSIVE;
				CLANG_WARN_UNREACHABLE_CODE = YES;
				CLANG_WARN__DUPLICATE_METHOD_MATCH = YES;
				COPY_PHASE_STRIP = NO;
				DEBUG_INFORMATION_FORMAT = "dwarf-with-dsym";
				ENABLE_NS_ASSERTIONS = NO;
				ENABLE_STRICT_OBJC_MSGSEND = YES;
				GCC_C_LANGUAGE_STANDARD = gnu11;
				GCC_NO_COMMON_BLOCKS = YES;
				GCC_WARN_64_TO_32_BIT_CONVERSION = YES;
				GCC_WARN_ABOUT_RETURN_TYPE = YES_ERROR;
				GCC_WARN_UNDECLARED_SELECTOR = YES;
				GCC_WARN_UNINITIALIZED_AUTOS = YES_AGGRESSIVE;
				GCC_WARN_UNUSED_FUNCTION = YES;
				GCC_WARN_UNUSED_VARIABLE = YES;
				IPHONEOS_DEPLOYMENT_TARGET = 13.4;
				MTL_ENABLE_DEBUG_INFO = NO;
				MTL_FAST_MATH = YES;
				SDKROOT = iphoneos;
				VALIDATE_PRODUCT = YES;
			};
			name = Release;
		};
		7AFACFF32500F3B80065F9E7 /* Debug */ = {
			isa = XCBuildConfiguration;
			baseConfigurationReference = 668076EAF43047220F6CA478 /* Pods-JSLayoutSizeFitExample.debug.xcconfig */;
			buildSettings = {
				ASSETCATALOG_COMPILER_APPICON_NAME = AppIcon;
				CODE_SIGN_STYLE = Automatic;
				DEVELOPMENT_TEAM = KJ6AEY5JEH;
				INFOPLIST_FILE = JSLayoutSizeFitExample/Info.plist;
				IPHONEOS_DEPLOYMENT_TARGET = 9.0;
				LD_RUNPATH_SEARCH_PATHS = (
					"$(inherited)",
					"@executable_path/Frameworks",
				);
				PRODUCT_BUNDLE_IDENTIFIER = com.jiasong.JSLayoutSizeFitExample;
				PRODUCT_NAME = "$(TARGET_NAME)";
				TARGETED_DEVICE_FAMILY = "1,2";
			};
			name = Debug;
		};
		7AFACFF42500F3B80065F9E7 /* Release */ = {
			isa = XCBuildConfiguration;
			baseConfigurationReference = 2EC44CEAB95C704609B5FD73 /* Pods-JSLayoutSizeFitExample.release.xcconfig */;
			buildSettings = {
				ASSETCATALOG_COMPILER_APPICON_NAME = AppIcon;
				CODE_SIGN_STYLE = Automatic;
				DEVELOPMENT_TEAM = KJ6AEY5JEH;
				INFOPLIST_FILE = JSLayoutSizeFitExample/Info.plist;
				IPHONEOS_DEPLOYMENT_TARGET = 9.0;
				LD_RUNPATH_SEARCH_PATHS = (
					"$(inherited)",
					"@executable_path/Frameworks",
				);
				PRODUCT_BUNDLE_IDENTIFIER = com.jiasong.JSLayoutSizeFitExample;
				PRODUCT_NAME = "$(TARGET_NAME)";
				TARGETED_DEVICE_FAMILY = "1,2";
			};
			name = Release;
		};
		7AFAD0002500F4310065F9E7 /* Debug */ = {
			isa = XCBuildConfiguration;
			baseConfigurationReference = E91E6ACBB1FB10F4B8B46CC3 /* Pods-JSLayoutSizeFitExampleMacOS.debug.xcconfig */;
			buildSettings = {
				ASSETCATALOG_COMPILER_APPICON_NAME = AppIcon;
				CODE_SIGN_ENTITLEMENTS = JSLayoutSizeFitExampleMacOS.entitlements;
				CODE_SIGN_STYLE = Automatic;
				DEVELOPMENT_TEAM = KJ6AEY5JEH;
				INFOPLIST_FILE = "JSLayoutSizeFitExample copy-Info.plist";
				IPHONEOS_DEPLOYMENT_TARGET = 9.0;
				LD_RUNPATH_SEARCH_PATHS = (
					"$(inherited)",
					"@executable_path/Frameworks",
				);
				PRODUCT_BUNDLE_IDENTIFIER = com.jiasong.JSLayoutSizeFitExample;
				PRODUCT_NAME = "$(TARGET_NAME)";
				SUPPORTS_MACCATALYST = YES;
				TARGETED_DEVICE_FAMILY = 2;
			};
			name = Debug;
		};
		7AFAD0012500F4310065F9E7 /* Release */ = {
			isa = XCBuildConfiguration;
			baseConfigurationReference = 0EB805FB35A0CAE2D31C45CB /* Pods-JSLayoutSizeFitExampleMacOS.release.xcconfig */;
			buildSettings = {
				ASSETCATALOG_COMPILER_APPICON_NAME = AppIcon;
				CODE_SIGN_ENTITLEMENTS = JSLayoutSizeFitExampleMacOS.entitlements;
				CODE_SIGN_STYLE = Automatic;
				DEVELOPMENT_TEAM = KJ6AEY5JEH;
				INFOPLIST_FILE = "JSLayoutSizeFitExample copy-Info.plist";
				IPHONEOS_DEPLOYMENT_TARGET = 9.0;
				LD_RUNPATH_SEARCH_PATHS = (
					"$(inherited)",
					"@executable_path/Frameworks",
				);
				PRODUCT_BUNDLE_IDENTIFIER = com.jiasong.JSLayoutSizeFitExample;
				PRODUCT_NAME = "$(TARGET_NAME)";
				SUPPORTS_MACCATALYST = YES;
				TARGETED_DEVICE_FAMILY = 2;
			};
			name = Release;
		};
/* End XCBuildConfiguration section */

/* Begin XCConfigurationList section */
		7AFACFD42500F3B70065F9E7 /* Build configuration list for PBXProject "JSLayoutSizeFitExample" */ = {
			isa = XCConfigurationList;
			buildConfigurations = (
				7AFACFF02500F3B80065F9E7 /* Debug */,
				7AFACFF12500F3B80065F9E7 /* Release */,
			);
			defaultConfigurationIsVisible = 0;
			defaultConfigurationName = Release;
		};
		7AFACFF22500F3B80065F9E7 /* Build configuration list for PBXNativeTarget "JSLayoutSizeFitExample" */ = {
			isa = XCConfigurationList;
			buildConfigurations = (
				7AFACFF32500F3B80065F9E7 /* Debug */,
				7AFACFF42500F3B80065F9E7 /* Release */,
			);
			defaultConfigurationIsVisible = 0;
			defaultConfigurationName = Release;
		};
		7AFACFFF2500F4310065F9E7 /* Build configuration list for PBXNativeTarget "JSLayoutSizeFitExampleMacOS" */ = {
			isa = XCConfigurationList;
			buildConfigurations = (
				7AFAD0002500F4310065F9E7 /* Debug */,
				7AFAD0012500F4310065F9E7 /* Release */,
			);
			defaultConfigurationIsVisible = 0;
			defaultConfigurationName = Release;
		};
/* End XCConfigurationList section */
	};
	rootObject = 7AFACFD12500F3B70065F9E7 /* Project object */;
}
